// !$*UTF8*$!
{
	archiveVersion = 1;
	classes = {
	};
	objectVersion = 56;
	objects = {

/* Begin PBXBuildFile section */
		1649110429D1A13300FED118 /* SettingListView.swift in Sources */ = {isa = PBXBuildFile; fileRef = 1649110329D1A13300FED118 /* SettingListView.swift */; };
		1649110629D1F57000FED118 /* DetailController.swift in Sources */ = {isa = PBXBuildFile; fileRef = 1649110529D1F57000FED118 /* DetailController.swift */; };
		1649110E29E1A2C400FED118 /* TableData.swift in Sources */ = {isa = PBXBuildFile; fileRef = 1649110D29E1A2C400FED118 /* TableData.swift */; };
		16B4076C298118AC00FB64D8 /* AppDelegate.swift in Sources */ = {isa = PBXBuildFile; fileRef = 16B4076B298118AC00FB64D8 /* AppDelegate.swift */; };
		16B4076E298118AC00FB64D8 /* SceneDelegate.swift in Sources */ = {isa = PBXBuildFile; fileRef = 16B4076D298118AC00FB64D8 /* SceneDelegate.swift */; };
		16B40770298118AC00FB64D8 /* MainViewController.swift in Sources */ = {isa = PBXBuildFile; fileRef = 16B4076F298118AC00FB64D8 /* MainViewController.swift */; };
		16B40775298118AF00FB64D8 /* Assets.xcassets in Resources */ = {isa = PBXBuildFile; fileRef = 16B40774298118AF00FB64D8 /* Assets.xcassets */; };
		16B4078629811E2300FB64D8 /* Model.swift in Sources */ = {isa = PBXBuildFile; fileRef = 16B4078529811E2300FB64D8 /* Model.swift */; };
		16B4078F29811FDA00FB64D8 /* SnapKit in Frameworks */ = {isa = PBXBuildFile; productRef = 16B4078E29811FDA00FB64D8 /* SnapKit */; };
		16B407912981206500FB64D8 /* SettingTableViewCell.swift in Sources */ = {isa = PBXBuildFile; fileRef = 16B407902981206500FB64D8 /* SettingTableViewCell.swift */; };
/* End PBXBuildFile section */

/* Begin PBXFileReference section */
		1649110329D1A13300FED118 /* SettingListView.swift */ = {isa = PBXFileReference; lastKnownFileType = sourcecode.swift; path = SettingListView.swift; sourceTree = "<group>"; };
		1649110529D1F57000FED118 /* DetailController.swift */ = {isa = PBXFileReference; lastKnownFileType = sourcecode.swift; path = DetailController.swift; sourceTree = "<group>"; };
		1649110D29E1A2C400FED118 /* TableData.swift */ = {isa = PBXFileReference; lastKnownFileType = sourcecode.swift; path = TableData.swift; sourceTree = "<group>"; };
		16B40768298118AC00FB64D8 /* Setting IOS UIKit - iOS-8 HW-13 GV.app */ = {isa = PBXFileReference; explicitFileType = wrapper.application; includeInIndex = 0; path = "Setting IOS UIKit - iOS-8 HW-13 GV.app"; sourceTree = BUILT_PRODUCTS_DIR; };
		16B4076B298118AC00FB64D8 /* AppDelegate.swift */ = {isa = PBXFileReference; lastKnownFileType = sourcecode.swift; path = AppDelegate.swift; sourceTree = "<group>"; };
		16B4076D298118AC00FB64D8 /* SceneDelegate.swift */ = {isa = PBXFileReference; lastKnownFileType = sourcecode.swift; path = SceneDelegate.swift; sourceTree = "<group>"; };
		16B4076F298118AC00FB64D8 /* MainViewController.swift */ = {isa = PBXFileReference; lastKnownFileType = sourcecode.swift; path = MainViewController.swift; sourceTree = "<group>"; };
		16B40774298118AF00FB64D8 /* Assets.xcassets */ = {isa = PBXFileReference; lastKnownFileType = folder.assetcatalog; path = Assets.xcassets; sourceTree = "<group>"; };
		16B40779298118AF00FB64D8 /* Info.plist */ = {isa = PBXFileReference; lastKnownFileType = text.plist.xml; path = Info.plist; sourceTree = "<group>"; };
		16B4078529811E2300FB64D8 /* Model.swift */ = {isa = PBXFileReference; lastKnownFileType = sourcecode.swift; path = Model.swift; sourceTree = "<group>"; };
		16B407902981206500FB64D8 /* SettingTableViewCell.swift */ = {isa = PBXFileReference; lastKnownFileType = sourcecode.swift; path = SettingTableViewCell.swift; sourceTree = "<group>"; };
/* End PBXFileReference section */

/* Begin PBXFrameworksBuildPhase section */
		16B40765298118AC00FB64D8 /* Frameworks */ = {
			isa = PBXFrameworksBuildPhase;
			buildActionMask = 2147483647;
			files = (
				16B4078F29811FDA00FB64D8 /* SnapKit in Frameworks */,
			);
			runOnlyForDeploymentPostprocessing = 0;
		};
/* End PBXFrameworksBuildPhase section */

/* Begin PBXGroup section */
		164910F629D1986E00FED118 /* Sources */ = {
			isa = PBXGroup;
			children = (
				164910F829D1990000FED118 /* Application */,
				164910FA29D199C100FED118 /* Scenes */,
			);
			path = Sources;
			sourceTree = "<group>";
		};
		164910F729D1987700FED118 /* Resources */ = {
			isa = PBXGroup;
			children = (
				16B40779298118AF00FB64D8 /* Info.plist */,
				16B40774298118AF00FB64D8 /* Assets.xcassets */,
			);
			path = Resources;
			sourceTree = "<group>";
		};
		164910F829D1990000FED118 /* Application */ = {
			isa = PBXGroup;
			children = (
				16B4076B298118AC00FB64D8 /* AppDelegate.swift */,
				16B4076D298118AC00FB64D8 /* SceneDelegate.swift */,
			);
			path = Application;
			sourceTree = "<group>";
		};
		164910FA29D199C100FED118 /* Scenes */ = {
			isa = PBXGroup;
			children = (
				164910FF29D19A0200FED118 /* Model */,
				164910FD29D199F600FED118 /* View */,
				164910FE29D199FB00FED118 /* Controller */,
			);
			path = Scenes;
			sourceTree = "<group>";
		};
		164910FD29D199F600FED118 /* View */ = {
			isa = PBXGroup;
			children = (
				16B407902981206500FB64D8 /* SettingTableViewCell.swift */,
				1649110329D1A13300FED118 /* SettingListView.swift */,
			);
			path = View;
			sourceTree = "<group>";
		};
		164910FE29D199FB00FED118 /* Controller */ = {
			isa = PBXGroup;
			children = (
				16B4076F298118AC00FB64D8 /* MainViewController.swift */,
				1649110529D1F57000FED118 /* DetailController.swift */,
			);
			path = Controller;
			sourceTree = "<group>";
		};
		164910FF29D19A0200FED118 /* Model */ = {
			isa = PBXGroup;
			children = (
				16B4078529811E2300FB64D8 /* Model.swift */,
				1649110D29E1A2C400FED118 /* TableData.swift */,
			);
			path = Model;
			sourceTree = "<group>";
		};
		16B4075F298118AC00FB64D8 = {
			isa = PBXGroup;
			children = (
				16B4076A298118AC00FB64D8 /* Setting IOS UIKit - iOS-8 HW-13 GV */,
				16B40769298118AC00FB64D8 /* Products */,
			);
			sourceTree = "<group>";
		};
		16B40769298118AC00FB64D8 /* Products */ = {
			isa = PBXGroup;
			children = (
				16B40768298118AC00FB64D8 /* Setting IOS UIKit - iOS-8 HW-13 GV.app */,
			);
			name = Products;
			sourceTree = "<group>";
		};
		16B4076A298118AC00FB64D8 /* Setting IOS UIKit - iOS-8 HW-13 GV */ = {
			isa = PBXGroup;
			children = (
				164910F629D1986E00FED118 /* Sources */,
				164910F729D1987700FED118 /* Resources */,
			);
			path = "Setting IOS UIKit - iOS-8 HW-13 GV";
			sourceTree = "<group>";
		};
/* End PBXGroup section */

/* Begin PBXNativeTarget section */
		16B40767298118AC00FB64D8 /* Setting IOS UIKit - iOS-8 HW-13 GV */ = {
			isa = PBXNativeTarget;
			buildConfigurationList = 16B4077C298118AF00FB64D8 /* Build configuration list for PBXNativeTarget "Setting IOS UIKit - iOS-8 HW-13 GV" */;
			buildPhases = (
				16B40764298118AC00FB64D8 /* Sources */,
				16B40765298118AC00FB64D8 /* Frameworks */,
				16B40766298118AC00FB64D8 /* Resources */,
			);
			buildRules = (
			);
			dependencies = (
			);
			name = "Setting IOS UIKit - iOS-8 HW-13 GV";
			packageProductDependencies = (
				16B4078E29811FDA00FB64D8 /* SnapKit */,
			);
			productName = "Setting IOS UIKit - iOS-8 HW-13 GV";
			productReference = 16B40768298118AC00FB64D8 /* Setting IOS UIKit - iOS-8 HW-13 GV.app */;
			productType = "com.apple.product-type.application";
		};
/* End PBXNativeTarget section */

/* Begin PBXProject section */
		16B40760298118AC00FB64D8 /* Project object */ = {
			isa = PBXProject;
			attributes = {
				BuildIndependentTargetsInParallel = 1;
				LastSwiftUpdateCheck = 1420;
				LastUpgradeCheck = 1420;
				TargetAttributes = {
					16B40767298118AC00FB64D8 = {
						CreatedOnToolsVersion = 14.2;
					};
				};
			};
			buildConfigurationList = 16B40763298118AC00FB64D8 /* Build configuration list for PBXProject "Setting IOS UIKit - iOS-8 HW-13 GV" */;
			compatibilityVersion = "Xcode 14.0";
			developmentRegion = en;
			hasScannedForEncodings = 0;
			knownRegions = (
				en,
				Base,
			);
			mainGroup = 16B4075F298118AC00FB64D8;
			packageReferences = (
				16B4078D29811FDA00FB64D8 /* XCRemoteSwiftPackageReference "SnapKit" */,
			);
			productRefGroup = 16B40769298118AC00FB64D8 /* Products */;
			projectDirPath = "";
			projectRoot = "";
			targets = (
				16B40767298118AC00FB64D8 /* Setting IOS UIKit - iOS-8 HW-13 GV */,
			);
		};
/* End PBXProject section */

/* Begin PBXResourcesBuildPhase section */
		16B40766298118AC00FB64D8 /* Resources */ = {
			isa = PBXResourcesBuildPhase;
			buildActionMask = 2147483647;
			files = (
				16B40775298118AF00FB64D8 /* Assets.xcassets in Resources */,
			);
			runOnlyForDeploymentPostprocessing = 0;
		};
/* End PBXResourcesBuildPhase section */

/* Begin PBXSourcesBuildPhase section */
		16B40764298118AC00FB64D8 /* Sources */ = {
			isa = PBXSourcesBuildPhase;
			buildActionMask = 2147483647;
			files = (
				16B40770298118AC00FB64D8 /* MainViewController.swift in Sources */,
				16B407912981206500FB64D8 /* SettingTableViewCell.swift in Sources */,
				1649110629D1F57000FED118 /* DetailController.swift in Sources */,
				16B4076C298118AC00FB64D8 /* AppDelegate.swift in Sources */,
				1649110E29E1A2C400FED118 /* TableData.swift in Sources */,
				16B4076E298118AC00FB64D8 /* SceneDelegate.swift in Sources */,
				1649110429D1A13300FED118 /* SettingListView.swift in Sources */,
				16B4078629811E2300FB64D8 /* Model.swift in Sources */,
			);
			runOnlyForDeploymentPostprocessing = 0;
		};
/* End PBXSourcesBuildPhase section */

/* Begin XCBuildConfiguration section */
		16B4077A298118AF00FB64D8 /* Debug */ = {
			isa = XCBuildConfiguration;
			buildSettings = {
				ALWAYS_SEARCH_USER_PATHS = NO;
				CLANG_ANALYZER_NONNULL = YES;
				CLANG_ANALYZER_NUMBER_OBJECT_CONVERSION = YES_AGGRESSIVE;
				CLANG_CXX_LANGUAGE_STANDARD = "gnu++20";
				CLANG_ENABLE_MODULES = YES;
				CLANG_ENABLE_OBJC_ARC = YES;
				CLANG_ENABLE_OBJC_WEAK = YES;
				CLANG_WARN_BLOCK_CAPTURE_AUTORELEASING = YES;
				CLANG_WARN_BOOL_CONVERSION = YES;
				CLANG_WARN_COMMA = YES;
				CLANG_WARN_CONSTANT_CONVERSION = YES;
				CLANG_WARN_DEPRECATED_OBJC_IMPLEMENTATIONS = YES;
				CLANG_WARN_DIRECT_OBJC_ISA_USAGE = YES_ERROR;
				CLANG_WARN_DOCUMENTATION_COMMENTS = YES;
				CLANG_WARN_EMPTY_BODY = YES;
				CLANG_WARN_ENUM_CONVERSION = YES;
				CLANG_WARN_INFINITE_RECURSION = YES;
				CLANG_WARN_INT_CONVERSION = YES;
				CLANG_WARN_NON_LITERAL_NULL_CONVERSION = YES;
				CLANG_WARN_OBJC_IMPLICIT_RETAIN_SELF = YES;
				CLANG_WARN_OBJC_LITERAL_CONVERSION = YES;
				CLANG_WARN_OBJC_ROOT_CLASS = YES_ERROR;
				CLANG_WARN_QUOTED_INCLUDE_IN_FRAMEWORK_HEADER = YES;
				CLANG_WARN_RANGE_LOOP_ANALYSIS = YES;
				CLANG_WARN_STRICT_PROTOTYPES = YES;
				CLANG_WARN_SUSPICIOUS_MOVE = YES;
				CLANG_WARN_UNGUARDED_AVAILABILITY = YES_AGGRESSIVE;
				CLANG_WARN_UNREACHABLE_CODE = YES;
				CLANG_WARN__DUPLICATE_METHOD_MATCH = YES;
				COPY_PHASE_STRIP = NO;
				DEBUG_INFORMATION_FORMAT = dwarf;
				ENABLE_STRICT_OBJC_MSGSEND = YES;
				ENABLE_TESTABILITY = YES;
				GCC_C_LANGUAGE_STANDARD = gnu11;
				GCC_DYNAMIC_NO_PIC = NO;
				GCC_NO_COMMON_BLOCKS = YES;
				GCC_OPTIMIZATION_LEVEL = 0;
				GCC_PREPROCESSOR_DEFINITIONS = (
					"DEBUG=1",
					"$(inherited)",
				);
				GCC_WARN_64_TO_32_BIT_CONVERSION = YES;
				GCC_WARN_ABOUT_RETURN_TYPE = YES_ERROR;
				GCC_WARN_UNDECLARED_SELECTOR = YES;
				GCC_WARN_UNINITIALIZED_AUTOS = YES_AGGRESSIVE;
				GCC_WARN_UNUSED_FUNCTION = YES;
				GCC_WARN_UNUSED_VARIABLE = YES;
				IPHONEOS_DEPLOYMENT_TARGET = 16.2;
				MTL_ENABLE_DEBUG_INFO = INCLUDE_SOURCE;
				MTL_FAST_MATH = YES;
				ONLY_ACTIVE_ARCH = YES;
				SDKROOT = iphoneos;
				SWIFT_ACTIVE_COMPILATION_CONDITIONS = DEBUG;
				SWIFT_OPTIMIZATION_LEVEL = "-Onone";
			};
			name = Debug;
		};
		16B4077B298118AF00FB64D8 /* Release */ = {
			isa = XCBuildConfiguration;
			buildSettings = {
				ALWAYS_SEARCH_USER_PATHS = NO;
				CLANG_ANALYZER_NONNULL = YES;
				CLANG_ANALYZER_NUMBER_OBJECT_CONVERSION = YES_AGGRESSIVE;
				CLANG_CXX_LANGUAGE_STANDARD = "gnu++20";
				CLANG_ENABLE_MODULES = YES;
				CLANG_ENABLE_OBJC_ARC = YES;
				CLANG_ENABLE_OBJC_WEAK = YES;
				CLANG_WARN_BLOCK_CAPTURE_AUTORELEASING = YES;
				CLANG_WARN_BOOL_CONVERSION = YES;
				CLANG_WARN_COMMA = YES;
				CLANG_WARN_CONSTANT_CONVERSION = YES;
				CLANG_WARN_DEPRECATED_OBJC_IMPLEMENTATIONS = YES;
				CLANG_WARN_DIRECT_OBJC_ISA_USAGE = YES_ERROR;
				CLANG_WARN_DOCUMENTATION_COMMENTS = YES;
				CLANG_WARN_EMPTY_BODY = YES;
				CLANG_WARN_ENUM_CONVERSION = YES;
				CLANG_WARN_INFINITE_RECURSION = YES;
				CLANG_WARN_INT_CONVERSION = YES;
				CLANG_WARN_NON_LITERAL_NULL_CONVERSION = YES;
				CLANG_WARN_OBJC_IMPLICIT_RETAIN_SELF = YES;
				CLANG_WARN_OBJC_LITERAL_CONVERSION = YES;
				CLANG_WARN_OBJC_ROOT_CLASS = YES_ERROR;
				CLANG_WARN_QUOTED_INCLUDE_IN_FRAMEWORK_HEADER = YES;
				CLANG_WARN_RANGE_LOOP_ANALYSIS = YES;
				CLANG_WARN_STRICT_PROTOTYPES = YES;
				CLANG_WARN_SUSPICIOUS_MOVE = YES;
				CLANG_WARN_UNGUARDED_AVAILABILITY = YES_AGGRESSIVE;
				CLANG_WARN_UNREACHABLE_CODE = YES;
				CLANG_WARN__DUPLICATE_METHOD_MATCH = YES;
				COPY_PHASE_STRIP = NO;
				DEBUG_INFORMATION_FORMAT = "dwarf-with-dsym";
				ENABLE_NS_ASSERTIONS = NO;
				ENABLE_STRICT_OBJC_MSGSEND = YES;
				GCC_C_LANGUAGE_STANDARD = gnu11;
				GCC_NO_COMMON_BLOCKS = YES;
				GCC_WARN_64_TO_32_BIT_CONVERSION = YES;
				GCC_WARN_ABOUT_RETURN_TYPE = YES_ERROR;
				GCC_WARN_UNDECLARED_SELECTOR = YES;
				GCC_WARN_UNINITIALIZED_AUTOS = YES_AGGRESSIVE;
				GCC_WARN_UNUSED_FUNCTION = YES;
				GCC_WARN_UNUSED_VARIABLE = YES;
				IPHONEOS_DEPLOYMENT_TARGET = 16.2;
				MTL_ENABLE_DEBUG_INFO = NO;
				MTL_FAST_MATH = YES;
				SDKROOT = iphoneos;
				SWIFT_COMPILATION_MODE = wholemodule;
				SWIFT_OPTIMIZATION_LEVEL = "-O";
				VALIDATE_PRODUCT = YES;
			};
			name = Release;
		};
		16B4077D298118AF00FB64D8 /* Debug */ = {
			isa = XCBuildConfiguration;
			buildSettings = {
				ASSETCATALOG_COMPILER_APPICON_NAME = AppIcon;
				ASSETCATALOG_COMPILER_GLOBAL_ACCENT_COLOR_NAME = AccentColor;
				CODE_SIGN_STYLE = Automatic;
				CURRENT_PROJECT_VERSION = 1;
				DEVELOPMENT_TEAM = LLVUWV97ZX;
				GENERATE_INFOPLIST_FILE = YES;
				INFOPLIST_FILE = "Setting IOS UIKit - iOS-8 HW-13 GV/Resources/Info.plist";
				INFOPLIST_KEY_UIApplicationSupportsIndirectInputEvents = YES;
				INFOPLIST_KEY_UILaunchStoryboardName = LaunchScreen;
				INFOPLIST_KEY_UISupportedInterfaceOrientations_iPad = "UIInterfaceOrientationPortrait UIInterfaceOrientationPortraitUpsideDown UIInterfaceOrientationLandscapeLeft UIInterfaceOrientationLandscapeRight";
				INFOPLIST_KEY_UISupportedInterfaceOrientations_iPhone = "UIInterfaceOrientationPortrait UIInterfaceOrientationLandscapeLeft UIInterfaceOrientationLandscapeRight";
				LD_RUNPATH_SEARCH_PATHS = (
					"$(inherited)",
					"@executable_path/Frameworks",
				);
				MARKETING_VERSION = 1.0;
				PRODUCT_BUNDLE_IDENTIFIER = "com.VictorGaritskyu.Setting-IOS-UIKit---iOS-8-HW-13-GV";
				PRODUCT_NAME = "$(TARGET_NAME)";
				SWIFT_EMIT_LOC_STRINGS = YES;
				SWIFT_VERSION = 5.0;
				TARGETED_DEVICE_FAMILY = "1,2";
			};
			name = Debug;
		};
		16B4077E298118AF00FB64D8 /* Release */ = {
			isa = XCBuildConfiguration;
			buildSettings = {
				ASSETCATALOG_COMPILER_APPICON_NAME = AppIcon;
				ASSETCATALOG_COMPILER_GLOBAL_ACCENT_COLOR_NAME = AccentColor;
				CODE_SIGN_STYLE = Automatic;
				CURRENT_PROJECT_VERSION = 1;
				DEVELOPMENT_TEAM = LLVUWV97ZX;
				GENERATE_INFOPLIST_FILE = YES;
				INFOPLIST_FILE = "Setting IOS UIKit - iOS-8 HW-13 GV/Resources/Info.plist";
				INFOPLIST_KEY_UIApplicationSupportsIndirectInputEvents = YES;
				INFOPLIST_KEY_UILaunchStoryboardName = LaunchScreen;
				INFOPLIST_KEY_UISupportedInterfaceOrientations_iPad = "UIInterfaceOrientationPortrait UIInterfaceOrientationPortraitUpsideDown UIInterfaceOrientationLandscapeLeft UIInterfaceOrientationLandscapeRight";
				INFOPLIST_KEY_UISupportedInterfaceOrientations_iPhone = "UIInterfaceOrientationPortrait UIInterfaceOrientationLandscapeLeft UIInterfaceOrientationLandscapeRight";
				LD_RUNPATH_SEARCH_PATHS = (
					"$(inherited)",
					"@executable_path/Frameworks",
				);
				MARKETING_VERSION = 1.0;
				PRODUCT_BUNDLE_IDENTIFIER = "com.VictorGaritskyu.Setting-IOS-UIKit---iOS-8-HW-13-GV";
				PRODUCT_NAME = "$(TARGET_NAME)";
				SWIFT_EMIT_LOC_STRINGS = YES;
				SWIFT_VERSION = 5.0;
				TARGETED_DEVICE_FAMILY = "1,2";
			};
			name = Release;
		};
/* End XCBuildConfiguration section */

/* Begin XCConfigurationList section */
		16B40763298118AC00FB64D8 /* Build configuration list for PBXProject "Setting IOS UIKit - iOS-8 HW-13 GV" */ = {
			isa = XCConfigurationList;
			buildConfigurations = (
				16B4077A298118AF00FB64D8 /* Debug */,
				16B4077B298118AF00FB64D8 /* Release */,
			);
			defaultConfigurationIsVisible = 0;
			defaultConfigurationName = Release;
		};
		16B4077C298118AF00FB64D8 /* Build configuration list for PBXNativeTarget "Setting IOS UIKit - iOS-8 HW-13 GV" */ = {
			isa = XCConfigurationList;
			buildConfigurations = (
				16B4077D298118AF00FB64D8 /* Debug */,
				16B4077E298118AF00FB64D8 /* Release */,
			);
			defaultConfigurationIsVisible = 0;
			defaultConfigurationName = Release;
		};
/* End XCConfigurationList section */

/* Begin XCRemoteSwiftPackageReference section */
		16B4078D29811FDA00FB64D8 /* XCRemoteSwiftPackageReference "SnapKit" */ = {
			isa = XCRemoteSwiftPackageReference;
			repositoryURL = "https://github.com/SnapKit/SnapKit.git";
			requirement = {
				branch = develop;
				kind = branch;
			};
		};
/* End XCRemoteSwiftPackageReference section */

/* Begin XCSwiftPackageProductDependency section */
		16B4078E29811FDA00FB64D8 /* SnapKit */ = {
			isa = XCSwiftPackageProductDependency;
			package = 16B4078D29811FDA00FB64D8 /* XCRemoteSwiftPackageReference "SnapKit" */;
			productName = SnapKit;
		};
/* End XCSwiftPackageProductDependency section */
	};
	rootObject = 16B40760298118AC00FB64D8 /* Project object */;
}
